
Microsoft Visual Studio Solution File, Format Version 12.00
# Visual Studio Version 16
VisualStudioVersion = 16.0.31729.503
MinimumVisualStudioVersion = 10.0.40219.1
Project("{FAE04EC0-301F-11D3-BF4B-00C04F79EFBC}") = "DrugStore", "DrugStore\DrugStore.csproj", "{92432827-9D79-44DB-BA0F-E5AA80874F76}"
EndProject
Global
	GlobalSection(SolutionConfigurationPlatforms) = preSolution
		Debug|Any CPU = Debug|Any CPU
		Release|Any CPU = Release|Any CPU
	EndGlobalSection
	GlobalSection(ProjectConfigurationPlatforms) = postSolution
		{92432827-9D79-44DB-BA0F-E5AA80874F76}.Debug|Any CPU.ActiveCfg = Debug|Any CPU
		{92432827-9D79-44DB-BA0F-E5AA80874F76}.Debug|Any CPU.Build.0 = Debug|Any CPU
		{92432827-9D79-44DB-BA0F-E5AA80874F76}.Release|Any CPU.ActiveCfg = Release|Any CPU
		{92432827-9D79-44DB-BA0F-E5AA80874F76}.Release|Any CPU.Build.0 = Release|Any CPU
	EndGlobalSection
	GlobalSection(SolutionProperties) = preSolution
		HideSolutionNode = FALSE
	EndGlobalSection
	GlobalSection(ExtensibilityGlobals) = postSolution
		SolutionGuid = {3A7FDCB9-105D-4B89-A8DD-8F66EFF1A177}
	EndGlobalSection
EndGlobal
